// !$*UTF8*$!
{
	archiveVersion = 1;
	classes = {
	};
	objectVersion = 77;
	objects = {

/* Begin PBXBuildFile section */
		FF2296CA2FA8F55D0011CBAF /* FirebaseAI in Frameworks */ = {isa = PBXBuildFile; productRef = FF2296C92FA8F55D0011CBAF /* FirebaseAI */; };
		FF2296CC2FA8F55D0011CBAF /* FirebaseAILogic in Frameworks */ = {isa = PBXBuildFile; productRef = FF2296CB2FA8F55D0011CBAF /* FirebaseAILogic */; };
		FF2296CE2FA8F55D0011CBAF /* FirebaseAnalytics in Frameworks */ = {isa = PBXBuildFile; productRef = FF2296CD2FA8F55D0011CBAF /* FirebaseAnalytics */; };
		FF2296D02FA8F55D0011CBAF /* FirebaseAnalyticsCore in Frameworks */ = {isa = PBXBuildFile; productRef = FF2296CF2FA8F55D0011CBAF /* FirebaseAnalyticsCore */; };
		FF2296D22FA8F55D0011CBAF /* FirebaseAnalyticsIdentitySupport in Frameworks */ = {isa = PBXBuildFile; productRef = FF2296D12FA8F55D0011CBAF /* FirebaseAnalyticsIdentitySupport */; };
		FF2296D42FA8F55D0011CBAF /* FirebaseAppCheck in Frameworks */ = {isa = PBXBuildFile; productRef = FF2296D32FA8F55D0011CBAF /* FirebaseAppCheck */; };
		FF2296D62FA8F55D0011CBAF /* FirebaseAppDistribution-Beta in Frameworks */ = {isa = PBXBuildFile; productRef = FF2296D52FA8F55D0011CBAF /* FirebaseAppDistribution-Beta */; };
		FF2296D82FA8F55D0011CBAF /* FirebaseAuth in Frameworks */ = {isa = PBXBuildFile; productRef = FF2296D72FA8F55D0011CBAF /* FirebaseAuth */; };
		FF2296DA2FA8F55D0011CBAF /* FirebaseAuthCombine-Community in Frameworks */ = {isa = PBXBuildFile; productRef = FF2296D92FA8F55D0011CBAF /* FirebaseAuthCombine-Community */; };
		FF2296DC2FA8F55D0011CBAF /* FirebaseCore in Frameworks */ = {isa = PBXBuildFile; productRef = FF2296DB2FA8F55D0011CBAF /* FirebaseCore */; };
		FF2296DE2FA8F55D0011CBAF /* FirebaseCrashlytics in Frameworks */ = {isa = PBXBuildFile; productRef = FF2296DD2FA8F55D0011CBAF /* FirebaseCrashlytics */; };
		FF2296E02FA8F55D0011CBAF /* FirebaseDatabase in Frameworks */ = {isa = PBXBuildFile; productRef = FF2296DF2FA8F55D0011CBAF /* FirebaseDatabase */; };
		FF2296E22FA8F55D0011CBAF /* FirebaseFirestore in Frameworks */ = {isa = PBXBuildFile; productRef = FF2296E12FA8F55D0011CBAF /* FirebaseFirestore */; };
		FF2296E42FA8F55D0011CBAF /* FirebaseFirestoreCombine-Community in Frameworks */ = {isa = PBXBuildFile; productRef = FF2296E32FA8F55D0011CBAF /* FirebaseFirestoreCombine-Community */; };
		FF2296E62FA8F55D0011CBAF /* FirebaseFunctions in Frameworks */ = {isa = PBXBuildFile; productRef = FF2296E52FA8F55D0011CBAF /* FirebaseFunctions */; };
		FF2296E82FA8F55D0011CBAF /* FirebaseFunctionsCombine-Community in Frameworks */ = {isa = PBXBuildFile; productRef = FF2296E72FA8F55D0011CBAF /* FirebaseFunctionsCombine-Community */; };
		FF2296EA2FA8F55D0011CBAF /* FirebaseInAppMessaging-Beta in Frameworks */ = {isa = PBXBuildFile; productRef = FF2296E92FA8F55D0011CBAF /* FirebaseInAppMessaging-Beta */; };
		FF2296EC2FA8F55D0011CBAF /* FirebaseInstallations in Frameworks */ = {isa = PBXBuildFile; productRef = FF2296EB2FA8F55D0011CBAF /* FirebaseInstallations */; };
		FF2296EE2FA8F55D0011CBAF /* FirebaseMLModelDownloader in Frameworks */ = {isa = PBXBuildFile; productRef = FF2296ED2FA8F55D0011CBAF /* FirebaseMLModelDownloader */; };
		FF2296F02FA8F55D0011CBAF /* FirebaseMessaging in Frameworks */ = {isa = PBXBuildFile; productRef = FF2296EF2FA8F55D0011CBAF /* FirebaseMessaging */; };
		FF2296F22FA8F55D0011CBAF /* FirebasePerformance in Frameworks */ = {isa = PBXBuildFile; productRef = FF2296F12FA8F55D0011CBAF /* FirebasePerformance */; };
		FF2296F42FA8F55D0011CBAF /* FirebaseRemoteConfig in Frameworks */ = {isa = PBXBuildFile; productRef = FF2296F32FA8F55D0011CBAF /* FirebaseRemoteConfig */; };
		FF2296F62FA8F55D0011CBAF /* FirebaseStorage in Frameworks */ = {isa = PBXBuildFile; productRef = FF2296F52FA8F55D0011CBAF /* FirebaseStorage */; };
		FF2296F82FA8F55D0011CBAF /* FirebaseStorageCombine-Community in Frameworks */ = {isa = PBXBuildFile; productRef = FF2296F72FA8F55D0011CBAF /* FirebaseStorageCombine-Community */; };
/* End PBXBuildFile section */

/* Begin PBXContainerItemProxy section */
		FF2296622FA48E6C0011CBAF /* PBXContainerItemProxy */ = {
			isa = PBXContainerItemProxy;
			containerPortal = FF22964C2FA48E6B0011CBAF /* Project object */;
			proxyType = 1;
			remoteGlobalIDString = FF2296532FA48E6B0011CBAF;
			remoteInfo = LastSeen;
		};
		FF22966C2FA48E6C0011CBAF /* PBXContainerItemProxy */ = {
			isa = PBXContainerItemProxy;
			containerPortal = FF22964C2FA48E6B0011CBAF /* Project object */;
			proxyType = 1;
			remoteGlobalIDString = FF2296532FA48E6B0011CBAF;
			remoteInfo = LastSeen;
		};
/* End PBXContainerItemProxy section */

/* Begin PBXFileReference section */
		FF2296542FA48E6B0011CBAF /* LastSeen.app */ = {isa = PBXFileReference; explicitFileType = wrapper.application; includeInIndex = 0; path = LastSeen.app; sourceTree = BUILT_PRODUCTS_DIR; };
		FF2296612FA48E6C0011CBAF /* LastSeenTests.xctest */ = {isa = PBXFileReference; explicitFileType = wrapper.cfbundle; includeInIndex = 0; path = LastSeenTests.xctest; sourceTree = BUILT_PRODUCTS_DIR; };
		FF22966B2FA48E6C0011CBAF /* LastSeenUITests.xctest */ = {isa = PBXFileReference; explicitFileType = wrapper.cfbundle; includeInIndex = 0; path = LastSeenUITests.xctest; sourceTree = BUILT_PRODUCTS_DIR; };
/* End PBXFileReference section */

/* Begin PBXFileSystemSynchronizedRootGroup section */
		FF2296562FA48E6B0011CBAF /* LastSeen */ = {
			isa = PBXFileSystemSynchronizedRootGroup;
			path = LastSeen;
			sourceTree = "<group>";
		};
		FF2296642FA48E6C0011CBAF /* LastSeenTests */ = {
			isa = PBXFileSystemSynchronizedRootGroup;
			path = LastSeenTests;
			sourceTree = "<group>";
		};
		FF22966E2FA48E6C0011CBAF /* LastSeenUITests */ = {
			isa = PBXFileSystemSynchronizedRootGroup;
			path = LastSeenUITests;
			sourceTree = "<group>";
		};
/* End PBXFileSystemSynchronizedRootGroup section */

/* Begin PBXFrameworksBuildPhase section */
		FF2296512FA48E6B0011CBAF /* Frameworks */ = {
			isa = PBXFrameworksBuildPhase;
			buildActionMask = 2147483647;
			files = (
				FF2296D62FA8F55D0011CBAF /* FirebaseAppDistribution-Beta in Frameworks */,
				FF2296E22FA8F55D0011CBAF /* FirebaseFirestore in Frameworks */,
				FF2296DA2FA8F55D0011CBAF /* FirebaseAuthCombine-Community in Frameworks */,
				FF2296EC2FA8F55D0011CBAF /* FirebaseInstallations in Frameworks */,
				FF2296CC2FA8F55D0011CBAF /* FirebaseAILogic in Frameworks */,
				FF2296D22FA8F55D0011CBAF /* FirebaseAnalyticsIdentitySupport in Frameworks */,
				FF2296EA2FA8F55D0011CBAF /* FirebaseInAppMessaging-Beta in Frameworks */,
				FF2296CA2FA8F55D0011CBAF /* FirebaseAI in Frameworks */,
				FF2296DE2FA8F55D0011CBAF /* FirebaseCrashlytics in Frameworks */,
				FF2296E82FA8F55D0011CBAF /* FirebaseFunctionsCombine-Community in Frameworks */,
				FF2296F82FA8F55D0011CBAF /* FirebaseStorageCombine-Community in Frameworks */,
				FF2296E02FA8F55D0011CBAF /* FirebaseDatabase in Frameworks */,
				FF2296F62FA8F55D0011CBAF /* FirebaseStorage in Frameworks */,
				FF2296F42FA8F55D0011CBAF /* FirebaseRemoteConfig in Frameworks */,
				FF2296CE2FA8F55D0011CBAF /* FirebaseAnalytics in Frameworks */,
				FF2296F02FA8F55D0011CBAF /* FirebaseMessaging in Frameworks */,
				FF2296EE2FA8F55D0011CBAF /* FirebaseMLModelDownloader in Frameworks */,
				FF2296F22FA8F55D0011CBAF /* FirebasePerformance in Frameworks */,
				FF2296DC2FA8F55D0011CBAF /* FirebaseCore in Frameworks */,
				FF2296D42FA8F55D0011CBAF /* FirebaseAppCheck in Frameworks */,
				FF2296D02FA8F55D0011CBAF /* FirebaseAnalyticsCore in Frameworks */,
				FF2296E62FA8F55D0011CBAF /* FirebaseFunctions in Frameworks */,
				FF2296D82FA8F55D0011CBAF /* FirebaseAuth in Frameworks */,
				FF2296E42FA8F55D0011CBAF /* FirebaseFirestoreCombine-Community in Frameworks */,
			);
			runOnlyForDeploymentPostprocessing = 0;
		};
		FF22965E2FA48E6C0011CBAF /* Frameworks */ = {
			isa = PBXFrameworksBuildPhase;
			buildActionMask = 2147483647;
			files = (
			);
			runOnlyForDeploymentPostprocessing = 0;
		};
		FF2296682FA48E6C0011CBAF /* Frameworks */ = {
			isa = PBXFrameworksBuildPhase;
			buildActionMask = 2147483647;
			files = (
			);
			runOnlyForDeploymentPostprocessing = 0;
		};
/* End PBXFrameworksBuildPhase section */

/* Begin PBXGroup section */
		FF22964B2FA48E6B0011CBAF = {
			isa = PBXGroup;
			children = (
				FF2296562FA48E6B0011CBAF /* LastSeen */,
				FF2296642FA48E6C0011CBAF /* LastSeenTests */,
				FF22966E2FA48E6C0011CBAF /* LastSeenUITests */,
				FF2296552FA48E6B0011CBAF /* Products */,
			);
			sourceTree = "<group>";
		};
		FF2296552FA48E6B0011CBAF /* Products */ = {
			isa = PBXGroup;
			children = (
				FF2296542FA48E6B0011CBAF /* LastSeen.app */,
				FF2296612FA48E6C0011CBAF /* LastSeenTests.xctest */,
				FF22966B2FA48E6C0011CBAF /* LastSeenUITests.xctest */,
			);
			name = Products;
			sourceTree = "<group>";
		};
/* End PBXGroup section */

/* Begin PBXNativeTarget section */
		FF2296532FA48E6B0011CBAF /* LastSeen */ = {
			isa = PBXNativeTarget;
			buildConfigurationList = FF2296752FA48E6C0011CBAF /* Build configuration list for PBXNativeTarget "LastSeen" */;
			buildPhases = (
				FF2296502FA48E6B0011CBAF /* Sources */,
				FF2296512FA48E6B0011CBAF /* Frameworks */,
				FF2296522FA48E6B0011CBAF /* Resources */,
			);
			buildRules = (
			);
			dependencies = (
			);
			fileSystemSynchronizedGroups = (
				FF2296562FA48E6B0011CBAF /* LastSeen */,
			);
			name = LastSeen;
			packageProductDependencies = (
				FF2296C92FA8F55D0011CBAF /* FirebaseAI */,
				FF2296CB2FA8F55D0011CBAF /* FirebaseAILogic */,
				FF2296CD2FA8F55D0011CBAF /* FirebaseAnalytics */,
				FF2296CF2FA8F55D0011CBAF /* FirebaseAnalyticsCore */,
				FF2296D12FA8F55D0011CBAF /* FirebaseAnalyticsIdentitySupport */,
				FF2296D32FA8F55D0011CBAF /* FirebaseAppCheck */,
				FF2296D52FA8F55D0011CBAF /* FirebaseAppDistribution-Beta */,
				FF2296D72FA8F55D0011CBAF /* FirebaseAuth */,
				FF2296D92FA8F55D0011CBAF /* FirebaseAuthCombine-Community */,
				FF2296DB2FA8F55D0011CBAF /* FirebaseCore */,
				FF2296DD2FA8F55D0011CBAF /* FirebaseCrashlytics */,
				FF2296DF2FA8F55D0011CBAF /* FirebaseDatabase */,
				FF2296E12FA8F55D0011CBAF /* FirebaseFirestore */,
				FF2296E32FA8F55D0011CBAF /* FirebaseFirestoreCombine-Community */,
				FF2296E52FA8F55D0011CBAF /* FirebaseFunctions */,
				FF2296E72FA8F55D0011CBAF /* FirebaseFunctionsCombine-Community */,
				FF2296E92FA8F55D0011CBAF /* FirebaseInAppMessaging-Beta */,
				FF2296EB2FA8F55D0011CBAF /* FirebaseInstallations */,
				FF2296ED2FA8F55D0011CBAF /* FirebaseMLModelDownloader */,
				FF2296EF2FA8F55D0011CBAF /* FirebaseMessaging */,
				FF2296F12FA8F55D0011CBAF /* FirebasePerformance */,
				FF2296F32FA8F55D0011CBAF /* FirebaseRemoteConfig */,
				FF2296F52FA8F55D0011CBAF /* FirebaseStorage */,
				FF2296F72FA8F55D0011CBAF /* FirebaseStorageCombine-Community */,
			);
			productName = LastSeen;
			productReference = FF2296542FA48E6B0011CBAF /* LastSeen.app */;
			productType = "com.apple.product-type.application";
		};
		FF2296602FA48E6C0011CBAF /* LastSeenTests */ = {
			isa = PBXNativeTarget;
			buildConfigurationList = FF2296782FA48E6C0011CBAF /* Build configuration list for PBXNativeTarget "LastSeenTests" */;
			buildPhases = (
				FF22965D2FA48E6C0011CBAF /* Sources */,
				FF22965E2FA48E6C0011CBAF /* Frameworks */,
				FF22965F2FA48E6C0011CBAF /* Resources */,
			);
			buildRules = (
			);
			dependencies = (
				FF2296632FA48E6C0011CBAF /* PBXTargetDependency */,
			);
			fileSystemSynchronizedGroups = (
				FF2296642FA48E6C0011CBAF /* LastSeenTests */,
			);
			name = LastSeenTests;
			packageProductDependencies = (
			);
			productName = LastSeenTests;
			productReference = FF2296612FA48E6C0011CBAF /* LastSeenTests.xctest */;
			productType = "com.apple.product-type.bundle.unit-test";
		};
		FF22966A2FA48E6C0011CBAF /* LastSeenUITests */ = {
			isa = PBXNativeTarget;
			buildConfigurationList = FF22967B2FA48E6C0011CBAF /* Build configuration list for PBXNativeTarget "LastSeenUITests" */;
			buildPhases = (
				FF2296672FA48E6C0011CBAF /* Sources */,
				FF2296682FA48E6C0011CBAF /* Frameworks */,
				FF2296692FA48E6C0011CBAF /* Resources */,
			);
			buildRules = (
			);
			dependencies = (
				FF22966D2FA48E6C0011CBAF /* PBXTargetDependency */,
			);
			fileSystemSynchronizedGroups = (
				FF22966E2FA48E6C0011CBAF /* LastSeenUITests */,
			);
			name = LastSeenUITests;
			packageProductDependencies = (
			);
			productName = LastSeenUITests;
			productReference = FF22966B2FA48E6C0011CBAF /* LastSeenUITests.xctest */;
			productType = "com.apple.product-type.bundle.ui-testing";
		};
/* End PBXNativeTarget section */

/* Begin PBXProject section */
		FF22964C2FA48E6B0011CBAF /* Project object */ = {
			isa = PBXProject;
			attributes = {
				BuildIndependentTargetsInParallel = 1;
				LastSwiftUpdateCheck = 2640;
				LastUpgradeCheck = 2640;
				TargetAttributes = {
					FF2296532FA48E6B0011CBAF = {
						CreatedOnToolsVersion = 26.4.1;
					};
					FF2296602FA48E6C0011CBAF = {
						CreatedOnToolsVersion = 26.4.1;
						TestTargetID = FF2296532FA48E6B0011CBAF;
					};
					FF22966A2FA48E6C0011CBAF = {
						CreatedOnToolsVersion = 26.4.1;
						TestTargetID = FF2296532FA48E6B0011CBAF;
					};
				};
			};
			buildConfigurationList = FF22964F2FA48E6B0011CBAF /* Build configuration list for PBXProject "LastSeen" */;
			developmentRegion = en;
			hasScannedForEncodings = 0;
			knownRegions = (
				en,
				Base,
			);
			mainGroup = FF22964B2FA48E6B0011CBAF;
			minimizedProjectReferenceProxies = 1;
			packageReferences = (
				FF2296C82FA8F55D0011CBAF /* XCRemoteSwiftPackageReference "firebase-ios-sdk" */,
			);
			preferredProjectObjectVersion = 77;
			productRefGroup = FF2296552FA48E6B0011CBAF /* Products */;
			projectDirPath = "";
			projectRoot = "";
			targets = (
				FF2296532FA48E6B0011CBAF /* LastSeen */,
				FF2296602FA48E6C0011CBAF /* LastSeenTests */,
				FF22966A2FA48E6C0011CBAF /* LastSeenUITests */,
			);
		};
/* End PBXProject section */

/* Begin PBXResourcesBuildPhase section */
		FF2296522FA48E6B0011CBAF /* Resources */ = {
			isa = PBXResourcesBuildPhase;
			buildActionMask = 2147483647;
			files = (
			);
			runOnlyForDeploymentPostprocessing = 0;
		};
		FF22965F2FA48E6C0011CBAF /* Resources */ = {
			isa = PBXResourcesBuildPhase;
			buildActionMask = 2147483647;
			files = (
			);
			runOnlyForDeploymentPostprocessing = 0;
		};
		FF2296692FA48E6C0011CBAF /* Resources */ = {
			isa = PBXResourcesBuildPhase;
			buildActionMask = 2147483647;
			files = (
			);
			runOnlyForDeploymentPostprocessing = 0;
		};
/* End PBXResourcesBuildPhase section */

/* Begin PBXSourcesBuildPhase section */
		FF2296502FA48E6B0011CBAF /* Sources */ = {
			isa = PBXSourcesBuildPhase;
			buildActionMask = 2147483647;
			files = (
			);
			runOnlyForDeploymentPostprocessing = 0;
		};
		FF22965D2FA48E6C0011CBAF /* Sources */ = {
			isa = PBXSourcesBuildPhase;
			buildActionMask = 2147483647;
			files = (
			);
			runOnlyForDeploymentPostprocessing = 0;
		};
		FF2296672FA48E6C0011CBAF /* Sources */ = {
			isa = PBXSourcesBuildPhase;
			buildActionMask = 2147483647;
			files = (
			);
			runOnlyForDeploymentPostprocessing = 0;
		};
/* End PBXSourcesBuildPhase section */

/* Begin PBXTargetDependency section */
		FF2296632FA48E6C0011CBAF /* PBXTargetDependency */ = {
			isa = PBXTargetDependency;
			target = FF2296532FA48E6B0011CBAF /* LastSeen */;
			targetProxy = FF2296622FA48E6C0011CBAF /* PBXContainerItemProxy */;
		};
		FF22966D2FA48E6C0011CBAF /* PBXTargetDependency */ = {
			isa = PBXTargetDependency;
			target = FF2296532FA48E6B0011CBAF /* LastSeen */;
			targetProxy = FF22966C2FA48E6C0011CBAF /* PBXContainerItemProxy */;
		};
/* End PBXTargetDependency section */

/* Begin XCBuildConfiguration section */
		FF2296732FA48E6C0011CBAF /* Debug */ = {
			isa = XCBuildConfiguration;
			buildSettings = {
				ALWAYS_SEARCH_USER_PATHS = NO;
				ASSETCATALOG_COMPILER_GENERATE_SWIFT_ASSET_SYMBOL_EXTENSIONS = YES;
				CLANG_ANALYZER_NONNULL = YES;
				CLANG_ANALYZER_NUMBER_OBJECT_CONVERSION = YES_AGGRESSIVE;
				CLANG_CXX_LANGUAGE_STANDARD = "gnu++20";
				CLANG_ENABLE_MODULES = YES;
				CLANG_ENABLE_OBJC_ARC = YES;
				CLANG_ENABLE_OBJC_WEAK = YES;
				CLANG_WARN_BLOCK_CAPTURE_AUTORELEASING = YES;
				CLANG_WARN_BOOL_CONVERSION = YES;
				CLANG_WARN_COMMA = YES;
				CLANG_WARN_CONSTANT_CONVERSION = YES;
				CLANG_WARN_DEPRECATED_OBJC_IMPLEMENTATIONS = YES;
				CLANG_WARN_DIRECT_OBJC_ISA_USAGE = YES_ERROR;
				CLANG_WARN_DOCUMENTATION_COMMENTS = YES;
				CLANG_WARN_EMPTY_BODY = YES;
				CLANG_WARN_ENUM_CONVERSION = YES;
				CLANG_WARN_INFINITE_RECURSION = YES;
				CLANG_WARN_INT_CONVERSION = YES;
				CLANG_WARN_NON_LITERAL_NULL_CONVERSION = YES;
				CLANG_WARN_OBJC_IMPLICIT_RETAIN_SELF = YES;
				CLANG_WARN_OBJC_LITERAL_CONVERSION = YES;
				CLANG_WARN_OBJC_ROOT_CLASS = YES_ERROR;
				CLANG_WARN_QUOTED_INCLUDE_IN_FRAMEWORK_HEADER = YES;
				CLANG_WARN_RANGE_LOOP_ANALYSIS = YES;
				CLANG_WARN_STRICT_PROTOTYPES = YES;
				CLANG_WARN_SUSPICIOUS_MOVE = YES;
				CLANG_WARN_UNGUARDED_AVAILABILITY = YES_AGGRESSIVE;
				CLANG_WARN_UNREACHABLE_CODE = YES;
				CLANG_WARN__DUPLICATE_METHOD_MATCH = YES;
				COPY_PHASE_STRIP = NO;
				DEBUG_INFORMATION_FORMAT = dwarf;
				DEVELOPMENT_TEAM = KLM566N289;
				ENABLE_STRICT_OBJC_MSGSEND = YES;
				ENABLE_TESTABILITY = YES;
				ENABLE_USER_SCRIPT_SANDBOXING = YES;
				GCC_C_LANGUAGE_STANDARD = gnu17;
				GCC_DYNAMIC_NO_PIC = NO;
				GCC_NO_COMMON_BLOCKS = YES;
				GCC_OPTIMIZATION_LEVEL = 0;
				GCC_PREPROCESSOR_DEFINITIONS = (
					"DEBUG=1",
					"$(inherited)",
				);
				GCC_WARN_64_TO_32_BIT_CONVERSION = YES;
				GCC_WARN_ABOUT_RETURN_TYPE = YES_ERROR;
				GCC_WARN_UNDECLARED_SELECTOR = YES;
				GCC_WARN_UNINITIALIZED_AUTOS = YES_AGGRESSIVE;
				GCC_WARN_UNUSED_FUNCTION = YES;
				GCC_WARN_UNUSED_VARIABLE = YES;
				LOCALIZATION_PREFERS_STRING_CATALOGS = YES;
				MTL_ENABLE_DEBUG_INFO = INCLUDE_SOURCE;
				MTL_FAST_MATH = YES;
				ONLY_ACTIVE_ARCH = YES;
				SWIFT_ACTIVE_COMPILATION_CONDITIONS = "DEBUG $(inherited)";
				SWIFT_OPTIMIZATION_LEVEL = "-Onone";
			};
			name = Debug;
		};
		FF2296742FA48E6C0011CBAF /* Release */ = {
			isa = XCBuildConfiguration;
			buildSettings = {
				ALWAYS_SEARCH_USER_PATHS = NO;
				ASSETCATALOG_COMPILER_GENERATE_SWIFT_ASSET_SYMBOL_EXTENSIONS = YES;
				CLANG_ANALYZER_NONNULL = YES;
				CLANG_ANALYZER_NUMBER_OBJECT_CONVERSION = YES_AGGRESSIVE;
				CLANG_CXX_LANGUAGE_STANDARD = "gnu++20";
				CLANG_ENABLE_MODULES = YES;
				CLANG_ENABLE_OBJC_ARC = YES;
				CLANG_ENABLE_OBJC_WEAK = YES;
				CLANG_WARN_BLOCK_CAPTURE_AUTORELEASING = YES;
				CLANG_WARN_BOOL_CONVERSION = YES;
				CLANG_WARN_COMMA = YES;
				CLANG_WARN_CONSTANT_CONVERSION = YES;
				CLANG_WARN_DEPRECATED_OBJC_IMPLEMENTATIONS = YES;
				CLANG_WARN_DIRECT_OBJC_ISA_USAGE = YES_ERROR;
				CLANG_WARN_DOCUMENTATION_COMMENTS = YES;
				CLANG_WARN_EMPTY_BODY = YES;
				CLANG_WARN_ENUM_CONVERSION = YES;
				CLANG_WARN_INFINITE_RECURSION = YES;
				CLANG_WARN_INT_CONVERSION = YES;
				CLANG_WARN_NON_LITERAL_NULL_CONVERSION = YES;
				CLANG_WARN_OBJC_IMPLICIT_RETAIN_SELF = YES;
				CLANG_WARN_OBJC_LITERAL_CONVERSION = YES;
				CLANG_WARN_OBJC_ROOT_CLASS = YES_ERROR;
				CLANG_WARN_QUOTED_INCLUDE_IN_FRAMEWORK_HEADER = YES;
				CLANG_WARN_RANGE_LOOP_ANALYSIS = YES;
				CLANG_WARN_STRICT_PROTOTYPES = YES;
				CLANG_WARN_SUSPICIOUS_MOVE = YES;
				CLANG_WARN_UNGUARDED_AVAILABILITY = YES_AGGRESSIVE;
				CLANG_WARN_UNREACHABLE_CODE = YES;
				CLANG_WARN__DUPLICATE_METHOD_MATCH = YES;
				COPY_PHASE_STRIP = NO;
				DEBUG_INFORMATION_FORMAT = "dwarf-with-dsym";
				DEVELOPMENT_TEAM = KLM566N289;
				ENABLE_NS_ASSERTIONS = NO;
				ENABLE_STRICT_OBJC_MSGSEND = YES;
				ENABLE_USER_SCRIPT_SANDBOXING = YES;
				GCC_C_LANGUAGE_STANDARD = gnu17;
				GCC_NO_COMMON_BLOCKS = YES;
				GCC_WARN_64_TO_32_BIT_CONVERSION = YES;
				GCC_WARN_ABOUT_RETURN_TYPE = YES_ERROR;
				GCC_WARN_UNDECLARED_SELECTOR = YES;
				GCC_WARN_UNINITIALIZED_AUTOS = YES_AGGRESSIVE;
				GCC_WARN_UNUSED_FUNCTION = YES;
				GCC_WARN_UNUSED_VARIABLE = YES;
				LOCALIZATION_PREFERS_STRING_CATALOGS = YES;
				MTL_ENABLE_DEBUG_INFO = NO;
				MTL_FAST_MATH = YES;
				SWIFT_COMPILATION_MODE = wholemodule;
			};
			name = Release;
		};
		FF2296762FA48E6C0011CBAF /* Debug */ = {
			isa = XCBuildConfiguration;
			buildSettings = {
				ASSETCATALOG_COMPILER_APPICON_NAME = AppIcon;
				ASSETCATALOG_COMPILER_GLOBAL_ACCENT_COLOR_NAME = AccentColor;
				CODE_SIGN_ENTITLEMENTS = LastSeen/LastSeen.entitlements;
				CODE_SIGN_IDENTITY = "Apple Development";
				CODE_SIGN_STYLE = Automatic;
				CURRENT_PROJECT_VERSION = 1;
				DEVELOPMENT_TEAM = KLM566N289;
				ENABLE_PREVIEWS = YES;
				GENERATE_INFOPLIST_FILE = YES;
				INFOPLIST_KEY_NSUserTrackingUsageDescription = "LastSeen does not track you.";
				INFOPLIST_KEY_UIApplicationSceneManifest_Generation = YES;
				INFOPLIST_KEY_UIApplicationSupportsIndirectInputEvents = YES;
				INFOPLIST_KEY_UIBackgroundModes = "remote-notification";
				INFOPLIST_KEY_UILaunchScreen_Generation = YES;
				INFOPLIST_KEY_UIStatusBarStyle = UIStatusBarStyleLightContent;
				INFOPLIST_KEY_UISupportedInterfaceOrientations_iPad = "UIInterfaceOrientationPortrait UIInterfaceOrientationPortraitUpsideDown UIInterfaceOrientationLandscapeLeft UIInterfaceOrientationLandscapeRight";
				INFOPLIST_KEY_UISupportedInterfaceOrientations_iPhone = "UIInterfaceOrientationPortrait UIInterfaceOrientationLandscapeLeft UIInterfaceOrientationLandscapeRight";
				IPHONEOS_DEPLOYMENT_TARGET = 17.0;
				LD_RUNPATH_SEARCH_PATHS = "@executable_path/Frameworks";
				MARKETING_VERSION = 1.0;
				PRODUCT_BUNDLE_IDENTIFIER = collabrainstech.LastSeen;
				PRODUCT_NAME = "$(TARGET_NAME)";
				PROVISIONING_PROFILE_SPECIFIER = "";
				SDKROOT = iphoneos;
				STRING_CATALOG_GENERATE_SYMBOLS = YES;
				SUPPORTED_PLATFORMS = "iphoneos iphonesimulator xros xrsimulator";
				SWIFT_APPROACHABLE_CONCURRENCY = YES;
				SWIFT_DEFAULT_ACTOR_ISOLATION = MainActor;
				SWIFT_EMIT_LOC_STRINGS = YES;
				SWIFT_UPCOMING_FEATURE_MEMBER_IMPORT_VISIBILITY = YES;
				SWIFT_VERSION = 5.0;
				TARGETED_DEVICE_FAMILY = "1,2,7";
				XROS_DEPLOYMENT_TARGET = 1.0;
			};
			name = Debug;
		};
		FF2296772FA48E6C0011CBAF /* Release */ = {
			isa = XCBuildConfiguration;
			buildSettings = {
				ASSETCATALOG_COMPILER_APPICON_NAME = AppIcon;
				ASSETCATALOG_COMPILER_GLOBAL_ACCENT_COLOR_NAME = AccentColor;
				CODE_SIGN_ENTITLEMENTS = LastSeen/LastSeen.entitlements;
				CODE_SIGN_IDENTITY = "Apple Development";
				CODE_SIGN_STYLE = Automatic;
				CURRENT_PROJECT_VERSION = 1;
				DEVELOPMENT_TEAM = KLM566N289;
				ENABLE_PREVIEWS = YES;
				GENERATE_INFOPLIST_FILE = YES;
				INFOPLIST_KEY_NSUserTrackingUsageDescription = "LastSeen does not track you.";
				INFOPLIST_KEY_UIApplicationSceneManifest_Generation = YES;
				INFOPLIST_KEY_UIApplicationSupportsIndirectInputEvents = YES;
				INFOPLIST_KEY_UIBackgroundModes = "remote-notification";
				INFOPLIST_KEY_UILaunchScreen_Generation = YES;
				INFOPLIST_KEY_UIStatusBarStyle = UIStatusBarStyleLightContent;
				INFOPLIST_KEY_UISupportedInterfaceOrientations_iPad = "UIInterfaceOrientationPortrait UIInterfaceOrientationPortraitUpsideDown UIInterfaceOrientationLandscapeLeft UIInterfaceOrientationLandscapeRight";
				INFOPLIST_KEY_UISupportedInterfaceOrientations_iPhone = "UIInterfaceOrientationPortrait UIInterfaceOrientationLandscapeLeft UIInterfaceOrientationLandscapeRight";
				IPHONEOS_DEPLOYMENT_TARGET = 17.0;
				LD_RUNPATH_SEARCH_PATHS = "@executable_path/Frameworks";
				MARKETING_VERSION = 1.0;
				PRODUCT_BUNDLE_IDENTIFIER = collabrainstech.LastSeen;
				PRODUCT_NAME = "$(TARGET_NAME)";
				PROVISIONING_PROFILE_SPECIFIER = "";
				SDKROOT = iphoneos;
				STRING_CATALOG_GENERATE_SYMBOLS = YES;
				SUPPORTED_PLATFORMS = "iphoneos iphonesimulator xros xrsimulator";
				SWIFT_APPROACHABLE_CONCURRENCY = YES;
				SWIFT_DEFAULT_ACTOR_ISOLATION = MainActor;
				SWIFT_EMIT_LOC_STRINGS = YES;
				SWIFT_UPCOMING_FEATURE_MEMBER_IMPORT_VISIBILITY = YES;
				SWIFT_VERSION = 5.0;
				TARGETED_DEVICE_FAMILY = "1,2,7";
				XROS_DEPLOYMENT_TARGET = 1.0;
			};
			name = Release;
		};
		FF2296792FA48E6C0011CBAF /* Debug */ = {
			isa = XCBuildConfiguration;
			buildSettings = {
				BUNDLE_LOADER = "$(TEST_HOST)";
				CODE_SIGN_STYLE = Automatic;
				CURRENT_PROJECT_VERSION = 1;
				DEVELOPMENT_TEAM = KLM566N289;
				GENERATE_INFOPLIST_FILE = YES;
				IPHONEOS_DEPLOYMENT_TARGET = 17.0;
				MARKETING_VERSION = 1.0;
				PRODUCT_BUNDLE_IDENTIFIER = collabrainstech.LastSeenTests;
				PRODUCT_NAME = "$(TARGET_NAME)";
				SDKROOT = iphoneos;
				STRING_CATALOG_GENERATE_SYMBOLS = NO;
				SUPPORTED_PLATFORMS = "iphoneos iphonesimulator xros xrsimulator";
				SWIFT_APPROACHABLE_CONCURRENCY = YES;
				SWIFT_EMIT_LOC_STRINGS = NO;
				SWIFT_UPCOMING_FEATURE_MEMBER_IMPORT_VISIBILITY = YES;
				SWIFT_VERSION = 5.0;
				TARGETED_DEVICE_FAMILY = "1,2,7";
				TEST_HOST = "$(BUILT_PRODUCTS_DIR)/LastSeen.app/$(BUNDLE_EXECUTABLE_FOLDER_PATH)/LastSeen";
				XROS_DEPLOYMENT_TARGET = 1.0;
			};
			name = Debug;
		};
		FF22967A2FA48E6C0011CBAF /* Release */ = {
			isa = XCBuildConfiguration;
			buildSettings = {
				BUNDLE_LOADER = "$(TEST_HOST)";
				CODE_SIGN_STYLE = Automatic;
				CURRENT_PROJECT_VERSION = 1;
				DEVELOPMENT_TEAM = KLM566N289;
				GENERATE_INFOPLIST_FILE = YES;
				IPHONEOS_DEPLOYMENT_TARGET = 17.0;
				MARKETING_VERSION = 1.0;
				PRODUCT_BUNDLE_IDENTIFIER = collabrainstech.LastSeenTests;
				PRODUCT_NAME = "$(TARGET_NAME)";
				SDKROOT = iphoneos;
				STRING_CATALOG_GENERATE_SYMBOLS = NO;
				SUPPORTED_PLATFORMS = "iphoneos iphonesimulator xros xrsimulator";
				SWIFT_APPROACHABLE_CONCURRENCY = YES;
				SWIFT_EMIT_LOC_STRINGS = NO;
				SWIFT_UPCOMING_FEATURE_MEMBER_IMPORT_VISIBILITY = YES;
				SWIFT_VERSION = 5.0;
				TARGETED_DEVICE_FAMILY = "1,2,7";
				TEST_HOST = "$(BUILT_PRODUCTS_DIR)/LastSeen.app/$(BUNDLE_EXECUTABLE_FOLDER_PATH)/LastSeen";
				XROS_DEPLOYMENT_TARGET = 1.0;
			};
			name = Release;
		};
		FF22967C2FA48E6C0011CBAF /* Debug */ = {
			isa = XCBuildConfiguration;
			buildSettings = {
				CODE_SIGN_STYLE = Automatic;
				CURRENT_PROJECT_VERSION = 1;
				DEVELOPMENT_TEAM = KLM566N289;
				GENERATE_INFOPLIST_FILE = YES;
				IPHONEOS_DEPLOYMENT_TARGET = 17.0;
				MARKETING_VERSION = 1.0;
				PRODUCT_BUNDLE_IDENTIFIER = collabrainstech.LastSeenUITests;
				PRODUCT_NAME = "$(TARGET_NAME)";
				SDKROOT = iphoneos;
				STRING_CATALOG_GENERATE_SYMBOLS = NO;
				SUPPORTED_PLATFORMS = "iphoneos iphonesimulator xros xrsimulator";
				SWIFT_APPROACHABLE_CONCURRENCY = YES;
				SWIFT_EMIT_LOC_STRINGS = NO;
				SWIFT_UPCOMING_FEATURE_MEMBER_IMPORT_VISIBILITY = YES;
				SWIFT_VERSION = 5.0;
				TARGETED_DEVICE_FAMILY = "1,2,7";
				TEST_TARGET_NAME = LastSeen;
				XROS_DEPLOYMENT_TARGET = 1.0;
			};
			name = Debug;
		};
		FF22967D2FA48E6C0011CBAF /* Release */ = {
			isa = XCBuildConfiguration;
			buildSettings = {
				CODE_SIGN_STYLE = Automatic;
				CURRENT_PROJECT_VERSION = 1;
				DEVELOPMENT_TEAM = KLM566N289;
				GENERATE_INFOPLIST_FILE = YES;
				IPHONEOS_DEPLOYMENT_TARGET = 17.0;
				MARKETING_VERSION = 1.0;
				PRODUCT_BUNDLE_IDENTIFIER = collabrainstech.LastSeenUITests;
				PRODUCT_NAME = "$(TARGET_NAME)";
				SDKROOT = iphoneos;
				STRING_CATALOG_GENERATE_SYMBOLS = NO;
				SUPPORTED_PLATFORMS = "iphoneos iphonesimulator xros xrsimulator";
				SWIFT_APPROACHABLE_CONCURRENCY = YES;
				SWIFT_EMIT_LOC_STRINGS = NO;
				SWIFT_UPCOMING_FEATURE_MEMBER_IMPORT_VISIBILITY = YES;
				SWIFT_VERSION = 5.0;
				TARGETED_DEVICE_FAMILY = "1,2,7";
				TEST_TARGET_NAME = LastSeen;
				XROS_DEPLOYMENT_TARGET = 1.0;
			};
			name = Release;
		};
/* End XCBuildConfiguration section */

/* Begin XCConfigurationList section */
		FF22964F2FA48E6B0011CBAF /* Build configuration list for PBXProject "LastSeen" */ = {
			isa = XCConfigurationList;
			buildConfigurations = (
				FF2296732FA48E6C0011CBAF /* Debug */,
				FF2296742FA48E6C0011CBAF /* Release */,
			);
			defaultConfigurationIsVisible = 0;
			defaultConfigurationName = Release;
		};
		FF2296752FA48E6C0011CBAF /* Build configuration list for PBXNativeTarget "LastSeen" */ = {
			isa = XCConfigurationList;
			buildConfigurations = (
				FF2296762FA48E6C0011CBAF /* Debug */,
				FF2296772FA48E6C0011CBAF /* Release */,
			);
			defaultConfigurationIsVisible = 0;
			defaultConfigurationName = Release;
		};
		FF2296782FA48E6C0011CBAF /* Build configuration list for PBXNativeTarget "LastSeenTests" */ = {
			isa = XCConfigurationList;
			buildConfigurations = (
				FF2296792FA48E6C0011CBAF /* Debug */,
				FF22967A2FA48E6C0011CBAF /* Release */,
			);
			defaultConfigurationIsVisible = 0;
			defaultConfigurationName = Release;
		};
		FF22967B2FA48E6C0011CBAF /* Build configuration list for PBXNativeTarget "LastSeenUITests" */ = {
			isa = XCConfigurationList;
			buildConfigurations = (
				FF22967C2FA48E6C0011CBAF /* Debug */,
				FF22967D2FA48E6C0011CBAF /* Release */,
			);
			defaultConfigurationIsVisible = 0;
			defaultConfigurationName = Release;
		};
/* End XCConfigurationList section */

/* Begin XCRemoteSwiftPackageReference section */
		FF2296C82FA8F55D0011CBAF /* XCRemoteSwiftPackageReference "firebase-ios-sdk" */ = {
			isa = XCRemoteSwiftPackageReference;
			repositoryURL = "https://github.com/firebase/firebase-ios-sdk";
			requirement = {
				kind = upToNextMajorVersion;
				minimumVersion = 12.12.1;
			};
		};
/* End XCRemoteSwiftPackageReference section */

/* Begin XCSwiftPackageProductDependency section */
		FF2296C92FA8F55D0011CBAF /* FirebaseAI */ = {
			isa = XCSwiftPackageProductDependency;
			package = FF2296C82FA8F55D0011CBAF /* XCRemoteSwiftPackageReference "firebase-ios-sdk" */;
			productName = FirebaseAI;
		};
		FF2296CB2FA8F55D0011CBAF /* FirebaseAILogic */ = {
			isa = XCSwiftPackageProductDependency;
			package = FF2296C82FA8F55D0011CBAF /* XCRemoteSwiftPackageReference "firebase-ios-sdk" */;
			productName = FirebaseAILogic;
		};
		FF2296CD2FA8F55D0011CBAF /* FirebaseAnalytics */ = {
			isa = XCSwiftPackageProductDependency;
			package = FF2296C82FA8F55D0011CBAF /* XCRemoteSwiftPackageReference "firebase-ios-sdk" */;
			productName = FirebaseAnalytics;
		};
		FF2296CF2FA8F55D0011CBAF /* FirebaseAnalyticsCore */ = {
			isa = XCSwiftPackageProductDependency;
			package = FF2296C82FA8F55D0011CBAF /* XCRemoteSwiftPackageReference "firebase-ios-sdk" */;
			productName = FirebaseAnalyticsCore;
		};
		FF2296D12FA8F55D0011CBAF /* FirebaseAnalyticsIdentitySupport */ = {
			isa = XCSwiftPackageProductDependency;
			package = FF2296C82FA8F55D0011CBAF /* XCRemoteSwiftPackageReference "firebase-ios-sdk" */;
			productName = FirebaseAnalyticsIdentitySupport;
		};
		FF2296D32FA8F55D0011CBAF /* FirebaseAppCheck */ = {
			isa = XCSwiftPackageProductDependency;
			package = FF2296C82FA8F55D0011CBAF /* XCRemoteSwiftPackageReference "firebase-ios-sdk" */;
			productName = FirebaseAppCheck;
		};
		FF2296D52FA8F55D0011CBAF /* FirebaseAppDistribution-Beta */ = {
			isa = XCSwiftPackageProductDependency;
			package = FF2296C82FA8F55D0011CBAF /* XCRemoteSwiftPackageReference "firebase-ios-sdk" */;
			productName = "FirebaseAppDistribution-Beta";
		};
		FF2296D72FA8F55D0011CBAF /* FirebaseAuth */ = {
			isa = XCSwiftPackageProductDependency;
			package = FF2296C82FA8F55D0011CBAF /* XCRemoteSwiftPackageReference "firebase-ios-sdk" */;
			productName = FirebaseAuth;
		};
		FF2296D92FA8F55D0011CBAF /* FirebaseAuthCombine-Community */ = {
			isa = XCSwiftPackageProductDependency;
			package = FF2296C82FA8F55D0011CBAF /* XCRemoteSwiftPackageReference "firebase-ios-sdk" */;
			productName = "FirebaseAuthCombine-Community";
		};
		FF2296DB2FA8F55D0011CBAF /* FirebaseCore */ = {
			isa = XCSwiftPackageProductDependency;
			package = FF2296C82FA8F55D0011CBAF /* XCRemoteSwiftPackageReference "firebase-ios-sdk" */;
			productName = FirebaseCore;
		};
		FF2296DD2FA8F55D0011CBAF /* FirebaseCrashlytics */ = {
			isa = XCSwiftPackageProductDependency;
			package = FF2296C82FA8F55D0011CBAF /* XCRemoteSwiftPackageReference "firebase-ios-sdk" */;
			productName = FirebaseCrashlytics;
		};
		FF2296DF2FA8F55D0011CBAF /* FirebaseDatabase */ = {
			isa = XCSwiftPackageProductDependency;
			package = FF2296C82FA8F55D0011CBAF /* XCRemoteSwiftPackageReference "firebase-ios-sdk" */;
			productName = FirebaseDatabase;
		};
		FF2296E12FA8F55D0011CBAF /* FirebaseFirestore */ = {
			isa = XCSwiftPackageProductDependency;
			package = FF2296C82FA8F55D0011CBAF /* XCRemoteSwiftPackageReference "firebase-ios-sdk" */;
			productName = FirebaseFirestore;
		};
		FF2296E32FA8F55D0011CBAF /* FirebaseFirestoreCombine-Community */ = {
			isa = XCSwiftPackageProductDependency;
			package = FF2296C82FA8F55D0011CBAF /* XCRemoteSwiftPackageReference "firebase-ios-sdk" */;
			productName = "FirebaseFirestoreCombine-Community";
		};
		FF2296E52FA8F55D0011CBAF /* FirebaseFunctions */ = {
			isa = XCSwiftPackageProductDependency;
			package = FF2296C82FA8F55D0011CBAF /* XCRemoteSwiftPackageReference "firebase-ios-sdk" */;
			productName = FirebaseFunctions;
		};
		FF2296E72FA8F55D0011CBAF /* FirebaseFunctionsCombine-Community */ = {
			isa = XCSwiftPackageProductDependency;
			package = FF2296C82FA8F55D0011CBAF /* XCRemoteSwiftPackageReference "firebase-ios-sdk" */;
			productName = "FirebaseFunctionsCombine-Community";
		};
		FF2296E92FA8F55D0011CBAF /* FirebaseInAppMessaging-Beta */ = {
			isa = XCSwiftPackageProductDependency;
			package = FF2296C82FA8F55D0011CBAF /* XCRemoteSwiftPackageReference "firebase-ios-sdk" */;
			productName = "FirebaseInAppMessaging-Beta";
		};
		FF2296EB2FA8F55D0011CBAF /* FirebaseInstallations */ = {
			isa = XCSwiftPackageProductDependency;
			package = FF2296C82FA8F55D0011CBAF /* XCRemoteSwiftPackageReference "firebase-ios-sdk" */;
			productName = FirebaseInstallations;
		};
		FF2296ED2FA8F55D0011CBAF /* FirebaseMLModelDownloader */ = {
			isa = XCSwiftPackageProductDependency;
			package = FF2296C82FA8F55D0011CBAF /* XCRemoteSwiftPackageReference "firebase-ios-sdk" */;
			productName = FirebaseMLModelDownloader;
		};
		FF2296EF2FA8F55D0011CBAF /* FirebaseMessaging */ = {
			isa = XCSwiftPackageProductDependency;
			package = FF2296C82FA8F55D0011CBAF /* XCRemoteSwiftPackageReference "firebase-ios-sdk" */;
			productName = FirebaseMessaging;
		};
		FF2296F12FA8F55D0011CBAF /* FirebasePerformance */ = {
			isa = XCSwiftPackageProductDependency;
			package = FF2296C82FA8F55D0011CBAF /* XCRemoteSwiftPackageReference "firebase-ios-sdk" */;
			productName = FirebasePerformance;
		};
		FF2296F32FA8F55D0011CBAF /* FirebaseRemoteConfig */ = {
			isa = XCSwiftPackageProductDependency;
			package = FF2296C82FA8F55D0011CBAF /* XCRemoteSwiftPackageReference "firebase-ios-sdk" */;
			productName = FirebaseRemoteConfig;
		};
		FF2296F52FA8F55D0011CBAF /* FirebaseStorage */ = {
			isa = XCSwiftPackageProductDependency;
			package = FF2296C82FA8F55D0011CBAF /* XCRemoteSwiftPackageReference "firebase-ios-sdk" */;
			productName = FirebaseStorage;
		};
		FF2296F72FA8F55D0011CBAF /* FirebaseStorageCombine-Community */ = {
			isa = XCSwiftPackageProductDependency;
			package = FF2296C82FA8F55D0011CBAF /* XCRemoteSwiftPackageReference "firebase-ios-sdk" */;
			productName = "FirebaseStorageCombine-Community";
		};
/* End XCSwiftPackageProductDependency section */
	};
	rootObject = FF22964C2FA48E6B0011CBAF /* Project object */;
}
